
Microsoft Visual Studio Solution File, Format Version 12.00
# Visual Studio 15
VisualStudioVersion = 15.0.27004.2005
MinimumVisualStudioVersion = 10.0.40219.1
Project("{FAE04EC0-301F-11D3-BF4B-00C04F79EFBC}") = "ATMStudyCase", "ATMStudyCase\ATMStudyCase.csproj", "{79694016-F8FA-4765-BA3F-484F714BC563}"
EndProject
Global
	GlobalSection(SolutionConfigurationPlatforms) = preSolution
		Debug|Any CPU = Debug|Any CPU
		Release|Any CPU = Release|Any CPU
	EndGlobalSection
	GlobalSection(ProjectConfigurationPlatforms) = postSolution
		{79694016-F8FA-4765-BA3F-484F714BC563}.Debug|Any CPU.ActiveCfg = Debug|Any CPU
		{79694016-F8FA-4765-BA3F-484F714BC563}.Debug|Any CPU.Build.0 = Debug|Any CPU
		{79694016-F8FA-4765-BA3F-484F714BC563}.Release|Any CPU.ActiveCfg = Release|Any CPU
		{79694016-F8FA-4765-BA3F-484F714BC563}.Release|Any CPU.Build.0 = Release|Any CPU
	EndGlobalSection
	GlobalSection(SolutionProperties) = preSolution
		HideSolutionNode = FALSE
	EndGlobalSection
	GlobalSection(ExtensibilityGlobals) = postSolution
		SolutionGuid = {88C24993-AB6D-494F-99DA-7F287C2FDC87}
	EndGlobalSection
EndGlobal
